
Microsoft Visual Studio Solution File, Format Version 11.00
# Visual Studio 2010
Project("{FAE04EC0-301F-11D3-BF4B-00C04F79EFBC}") = "VR_VA", "Assembly-CSharp.csproj", "{6E32137C-EBD3-E0C3-CD96-483B9DBAC9DC}"
EndProject
Project("{FAE04EC0-301F-11D3-BF4B-00C04F79EFBC}") = "VR_VA", "Assembly-CSharp-firstpass.csproj", "{118F342F-3C5D-FF8B-4E34-07154CCFED18}"
EndProject
Project("{FAE04EC0-301F-11D3-BF4B-00C04F79EFBC}") = "VR_VA", "Assembly-CSharp-Editor.csproj", "{7D1749BA-CFEF-26DE-8933-C60D7CEDDFCC}"
EndProject
Global
	GlobalSection(SolutionConfigurationPlatforms) = preSolution
		Debug|Any CPU = Debug|Any CPU
		Release|Any CPU = Release|Any CPU
	EndGlobalSection
	GlobalSection(ProjectConfigurationPlatforms) = postSolution
		{6E32137C-EBD3-E0C3-CD96-483B9DBAC9DC}.Debug|Any CPU.ActiveCfg = Debug|Any CPU
		{6E32137C-EBD3-E0C3-CD96-483B9DBAC9DC}.Debug|Any CPU.Build.0 = Debug|Any CPU
		{6E32137C-EBD3-E0C3-CD96-483B9DBAC9DC}.Release|Any CPU.ActiveCfg = Release|Any CPU
		{6E32137C-EBD3-E0C3-CD96-483B9DBAC9DC}.Release|Any CPU.Build.0 = Release|Any CPU
		{118F342F-3C5D-FF8B-4E34-07154CCFED18}.Debug|Any CPU.ActiveCfg = Debug|Any CPU
		{118F342F-3C5D-FF8B-4E34-07154CCFED18}.Debug|Any CPU.Build.0 = Debug|Any CPU
		{118F342F-3C5D-FF8B-4E34-07154CCFED18}.Release|Any CPU.ActiveCfg = Release|Any CPU
		{118F342F-3C5D-FF8B-4E34-07154CCFED18}.Release|Any CPU.Build.0 = Release|Any CPU
		{7D1749BA-CFEF-26DE-8933-C60D7CEDDFCC}.Debug|Any CPU.ActiveCfg = Debug|Any CPU
		{7D1749BA-CFEF-26DE-8933-C60D7CEDDFCC}.Debug|Any CPU.Build.0 = Debug|Any CPU
		{7D1749BA-CFEF-26DE-8933-C60D7CEDDFCC}.Release|Any CPU.ActiveCfg = Release|Any CPU
		{7D1749BA-CFEF-26DE-8933-C60D7CEDDFCC}.Release|Any CPU.Build.0 = Release|Any CPU
	EndGlobalSection
	GlobalSection(SolutionProperties) = preSolution
		HideSolutionNode = FALSE
	EndGlobalSection
	GlobalSection(MonoDevelopProperties) = preSolution
		StartupItem = Assembly-CSharp.csproj
	EndGlobalSection
EndGlobal
